// !$*UTF8*$!
{
	archiveVersion = 1;
	classes = {
	};
	objectVersion = 46;
	objects = {

/* Begin PBXBuildFile section */
		02452CCE1B8148090045EB5D /* AppDelegate.swift in Sources */ = {isa = PBXBuildFile; fileRef = 02452CCD1B8148090045EB5D /* AppDelegate.swift */; };
		02452CD01B8148090045EB5D /* ViewController.swift in Sources */ = {isa = PBXBuildFile; fileRef = 02452CCF1B8148090045EB5D /* ViewController.swift */; };
		02452CD31B8148090045EB5D /* Main.storyboard in Resources */ = {isa = PBXBuildFile; fileRef = 02452CD11B8148090045EB5D /* Main.storyboard */; };
		02452CD51B8148090045EB5D /* Images.xcassets in Resources */ = {isa = PBXBuildFile; fileRef = 02452CD41B8148090045EB5D /* Images.xcassets */; };
		02452CD81B8148090045EB5D /* LaunchScreen.xib in Resources */ = {isa = PBXBuildFile; fileRef = 02452CD61B8148090045EB5D /* LaunchScreen.xib */; };
		02452CE41B8148090045EB5D /* Pitch_PerfectTests.swift in Sources */ = {isa = PBXBuildFile; fileRef = 02452CE31B8148090045EB5D /* Pitch_PerfectTests.swift */; };
/* End PBXBuildFile section */

/* Begin PBXContainerItemProxy section */
		02452CDE1B8148090045EB5D /* PBXContainerItemProxy */ = {
			isa = PBXContainerItemProxy;
			containerPortal = 02452CC01B8148090045EB5D /* Project object */;
			proxyType = 1;
			remoteGlobalIDString = 02452CC71B8148090045EB5D;
			remoteInfo = "Pitch Perfect";
		};
/* End PBXContainerItemProxy section */

/* Begin PBXFileReference section */
		02452CC81B8148090045EB5D /* Pitch Perfect.app */ = {isa = PBXFileReference; explicitFileType = wrapper.application; includeInIndex = 0; path = "Pitch Perfect.app"; sourceTree = BUILT_PRODUCTS_DIR; };
		02452CCC1B8148090045EB5D /* Info.plist */ = {isa = PBXFileReference; lastKnownFileType = text.plist.xml; path = Info.plist; sourceTree = "<group>"; };
		02452CCD1B8148090045EB5D /* AppDelegate.swift */ = {isa = PBXFileReference; lastKnownFileType = sourcecode.swift; path = AppDelegate.swift; sourceTree = "<group>"; };
		02452CCF1B8148090045EB5D /* ViewController.swift */ = {isa = PBXFileReference; lastKnownFileType = sourcecode.swift; path = ViewController.swift; sourceTree = "<group>"; };
		02452CD21B8148090045EB5D /* Base */ = {isa = PBXFileReference; lastKnownFileType = file.storyboard; name = Base; path = Base.lproj/Main.storyboard; sourceTree = "<group>"; };
		02452CD41B8148090045EB5D /* Images.xcassets */ = {isa = PBXFileReference; lastKnownFileType = folder.assetcatalog; path = Images.xcassets; sourceTree = "<group>"; };
		02452CD71B8148090045EB5D /* Base */ = {isa = PBXFileReference; lastKnownFileType = file.xib; name = Base; path = Base.lproj/LaunchScreen.xib; sourceTree = "<group>"; };
		02452CDD1B8148090045EB5D /* Pitch PerfectTests.xctest */ = {isa = PBXFileReference; explicitFileType = wrapper.cfbundle; includeInIndex = 0; path = "Pitch PerfectTests.xctest"; sourceTree = BUILT_PRODUCTS_DIR; };
		02452CE21B8148090045EB5D /* Info.plist */ = {isa = PBXFileReference; lastKnownFileType = text.plist.xml; path = Info.plist; sourceTree = "<group>"; };
		02452CE31B8148090045EB5D /* Pitch_PerfectTests.swift */ = {isa = PBXFileReference; lastKnownFileType = sourcecode.swift; path = Pitch_PerfectTests.swift; sourceTree = "<group>"; };
/* End PBXFileReference section */

/* Begin PBXFrameworksBuildPhase section */
		02452CC51B8148090045EB5D /* Frameworks */ = {
			isa = PBXFrameworksBuildPhase;
			buildActionMask = 2147483647;
			files = (
			);
			runOnlyForDeploymentPostprocessing = 0;
		};
		02452CDA1B8148090045EB5D /* Frameworks */ = {
			isa = PBXFrameworksBuildPhase;
			buildActionMask = 2147483647;
			files = (
			);
			runOnlyForDeploymentPostprocessing = 0;
		};
/* End PBXFrameworksBuildPhase section */

/* Begin PBXGroup section */
		02452CBF1B8148090045EB5D = {
			isa = PBXGroup;
			children = (
				02452CCA1B8148090045EB5D /* Pitch Perfect */,
				02452CE01B8148090045EB5D /* Pitch PerfectTests */,
				02452CC91B8148090045EB5D /* Products */,
			);
			sourceTree = "<group>";
		};
		02452CC91B8148090045EB5D /* Products */ = {
			isa = PBXGroup;
			children = (
				02452CC81B8148090045EB5D /* Pitch Perfect.app */,
				02452CDD1B8148090045EB5D /* Pitch PerfectTests.xctest */,
			);
			name = Products;
			sourceTree = "<group>";
		};
		02452CCA1B8148090045EB5D /* Pitch Perfect */ = {
			isa = PBXGroup;
			children = (
				02452CCD1B8148090045EB5D /* AppDelegate.swift */,
				02452CCF1B8148090045EB5D /* ViewController.swift */,
				02452CD11B8148090045EB5D /* Main.storyboard */,
				02452CD41B8148090045EB5D /* Images.xcassets */,
				02452CD61B8148090045EB5D /* LaunchScreen.xib */,
				02452CCB1B8148090045EB5D /* Supporting Files */,
			);
			path = "Pitch Perfect";
			sourceTree = "<group>";
		};
		02452CCB1B8148090045EB5D /* Supporting Files */ = {
			isa = PBXGroup;
			children = (
				02452CCC1B8148090045EB5D /* Info.plist */,
			);
			name = "Supporting Files";
			sourceTree = "<group>";
		};
		02452CE01B8148090045EB5D /* Pitch PerfectTests */ = {
			isa = PBXGroup;
			children = (
				02452CE31B8148090045EB5D /* Pitch_PerfectTests.swift */,
				02452CE11B8148090045EB5D /* Supporting Files */,
			);
			path = "Pitch PerfectTests";
			sourceTree = "<group>";
		};
		02452CE11B8148090045EB5D /* Supporting Files */ = {
			isa = PBXGroup;
			children = (
				02452CE21B8148090045EB5D /* Info.plist */,
			);
			name = "Supporting Files";
			sourceTree = "<group>";
		};
/* End PBXGroup section */

/* Begin PBXNativeTarget section */
		02452CC71B8148090045EB5D /* Pitch Perfect */ = {
			isa = PBXNativeTarget;
			buildConfigurationList = 02452CE71B8148090045EB5D /* Build configuration list for PBXNativeTarget "Pitch Perfect" */;
			buildPhases = (
				02452CC41B8148090045EB5D /* Sources */,
				02452CC51B8148090045EB5D /* Frameworks */,
				02452CC61B8148090045EB5D /* Resources */,
			);
			buildRules = (
			);
			dependencies = (
			);
			name = "Pitch Perfect";
			productName = "Pitch Perfect";
			productReference = 02452CC81B8148090045EB5D /* Pitch Perfect.app */;
			productType = "com.apple.product-type.application";
		};
		02452CDC1B8148090045EB5D /* Pitch PerfectTests */ = {
			isa = PBXNativeTarget;
			buildConfigurationList = 02452CEA1B8148090045EB5D /* Build configuration list for PBXNativeTarget "Pitch PerfectTests" */;
			buildPhases = (
				02452CD91B8148090045EB5D /* Sources */,
				02452CDA1B8148090045EB5D /* Frameworks */,
				02452CDB1B8148090045EB5D /* Resources */,
			);
			buildRules = (
			);
			dependencies = (
				02452CDF1B8148090045EB5D /* PBXTargetDependency */,
			);
			name = "Pitch PerfectTests";
			productName = "Pitch PerfectTests";
			productReference = 02452CDD1B8148090045EB5D /* Pitch PerfectTests.xctest */;
			productType = "com.apple.product-type.bundle.unit-test";
		};
/* End PBXNativeTarget section */

/* Begin PBXProject section */
		02452CC01B8148090045EB5D /* Project object */ = {
			isa = PBXProject;
			attributes = {
				LastUpgradeCheck = 0640;
				ORGANIZATIONNAME = Sae;
				TargetAttributes = {
					02452CC71B8148090045EB5D = {
						CreatedOnToolsVersion = 6.4;
					};
					02452CDC1B8148090045EB5D = {
						CreatedOnToolsVersion = 6.4;
						TestTargetID = 02452CC71B8148090045EB5D;
					};
				};
			};
			buildConfigurationList = 02452CC31B8148090045EB5D /* Build configuration list for PBXProject "Pitch Perfect" */;
			compatibilityVersion = "Xcode 3.2";
			developmentRegion = English;
			hasScannedForEncodings = 0;
			knownRegions = (
				en,
				Base,
			);
			mainGroup = 02452CBF1B8148090045EB5D;
			productRefGroup = 02452CC91B8148090045EB5D /* Products */;
			projectDirPath = "";
			projectRoot = "";
			targets = (
				02452CC71B8148090045EB5D /* Pitch Perfect */,
				02452CDC1B8148090045EB5D /* Pitch PerfectTests */,
			);
		};
/* End PBXProject section */

/* Begin PBXResourcesBuildPhase section */
		02452CC61B8148090045EB5D /* Resources */ = {
			isa = PBXResourcesBuildPhase;
			buildActionMask = 2147483647;
			files = (
				02452CD31B8148090045EB5D /* Main.storyboard in Resources */,
				02452CD81B8148090045EB5D /* LaunchScreen.xib in Resources */,
				02452CD51B8148090045EB5D /* Images.xcassets in Resources */,
			);
			runOnlyForDeploymentPostprocessing = 0;
		};
		02452CDB1B8148090045EB5D /* Resources */ = {
			isa = PBXResourcesBuildPhase;
			buildActionMask = 2147483647;
			files = (
			);
			runOnlyForDeploymentPostprocessing = 0;
		};
/* End PBXResourcesBuildPhase section */

/* Begin PBXSourcesBuildPhase section */
		02452CC41B8148090045EB5D /* Sources */ = {
			isa = PBXSourcesBuildPhase;
			buildActionMask = 2147483647;
			files = (
				02452CD01B8148090045EB5D /* ViewController.swift in Sources */,
				02452CCE1B8148090045EB5D /* AppDelegate.swift in Sources */,
			);
			runOnlyForDeploymentPostprocessing = 0;
		};
		02452CD91B8148090045EB5D /* Sources */ = {
			isa = PBXSourcesBuildPhase;
			buildActionMask = 2147483647;
			files = (
				02452CE41B8148090045EB5D /* Pitch_PerfectTests.swift in Sources */,
			);
			runOnlyForDeploymentPostprocessing = 0;
		};
/* End PBXSourcesBuildPhase section */

/* Begin PBXTargetDependency section */
		02452CDF1B8148090045EB5D /* PBXTargetDependency */ = {
			isa = PBXTargetDependency;
			target = 02452CC71B8148090045EB5D /* Pitch Perfect */;
			targetProxy = 02452CDE1B8148090045EB5D /* PBXContainerItemProxy */;
		};
/* End PBXTargetDependency section */

/* Begin PBXVariantGroup section */
		02452CD11B8148090045EB5D /* Main.storyboard */ = {
			isa = PBXVariantGroup;
			children = (
				02452CD21B8148090045EB5D /* Base */,
			);
			name = Main.storyboard;
			sourceTree = "<group>";
		};
		02452CD61B8148090045EB5D /* LaunchScreen.xib */ = {
			isa = PBXVariantGroup;
			children = (
				02452CD71B8148090045EB5D /* Base */,
			);
			name = LaunchScreen.xib;
			sourceTree = "<group>";
		};
/* End PBXVariantGroup section */

/* Begin XCBuildConfiguration section */
		02452CE51B8148090045EB5D /* Debug */ = {
			isa = XCBuildConfiguration;
			buildSettings = {
				ALWAYS_SEARCH_USER_PATHS = NO;
				CLANG_CXX_LANGUAGE_STANDARD = "gnu++0x";
				CLANG_CXX_LIBRARY = "libc++";
				CLANG_ENABLE_MODULES = YES;
				CLANG_ENABLE_OBJC_ARC = YES;
				CLANG_WARN_BOOL_CONVERSION = YES;
				CLANG_WARN_CONSTANT_CONVERSION = YES;
				CLANG_WARN_DIRECT_OBJC_ISA_USAGE = YES_ERROR;
				CLANG_WARN_EMPTY_BODY = YES;
				CLANG_WARN_ENUM_CONVERSION = YES;
				CLANG_WARN_INT_CONVERSION = YES;
				CLANG_WARN_OBJC_ROOT_CLASS = YES_ERROR;
				CLANG_WARN_UNREACHABLE_CODE = YES;
				CLANG_WARN__DUPLICATE_METHOD_MATCH = YES;
				"CODE_SIGN_IDENTITY[sdk=iphoneos*]" = "iPhone Developer";
				COPY_PHASE_STRIP = NO;
				DEBUG_INFORMATION_FORMAT = "dwarf-with-dsym";
				ENABLE_STRICT_OBJC_MSGSEND = YES;
				GCC_C_LANGUAGE_STANDARD = gnu99;
				GCC_DYNAMIC_NO_PIC = NO;
				GCC_NO_COMMON_BLOCKS = YES;
				GCC_OPTIMIZATION_LEVEL = 0;
				GCC_PREPROCESSOR_DEFINITIONS = (
					"DEBUG=1",
					"$(inherited)",
				);
				GCC_SYMBOLS_PRIVATE_EXTERN = NO;
				GCC_WARN_64_TO_32_BIT_CONVERSION = YES;
				GCC_WARN_ABOUT_RETURN_TYPE = YES_ERROR;
				GCC_WARN_UNDECLARED_SELECTOR = YES;
				GCC_WARN_UNINITIALIZED_AUTOS = YES_AGGRESSIVE;
				GCC_WARN_UNUSED_FUNCTION = YES;
				GCC_WARN_UNUSED_VARIABLE = YES;
				IPHONEOS_DEPLOYMENT_TARGET = 8.4;
				MTL_ENABLE_DEBUG_INFO = YES;
				ONLY_ACTIVE_ARCH = YES;
				SDKROOT = iphoneos;
				SWIFT_OPTIMIZATION_LEVEL = "-Onone";
			};
			name = Debug;
		};
		02452CE61B8148090045EB5D /* Release */ = {
			isa = XCBuildConfiguration;
			buildSettings = {
				ALWAYS_SEARCH_USER_PATHS = NO;
				CLANG_CXX_LANGUAGE_STANDARD = "gnu++0x";
				CLANG_CXX_LIBRARY = "libc++";
				CLANG_ENABLE_MODULES = YES;
				CLANG_ENABLE_OBJC_ARC = YES;
				CLANG_WARN_BOOL_CONVERSION = YES;
				CLANG_WARN_CONSTANT_CONVERSION = YES;
				CLANG_WARN_DIRECT_OBJC_ISA_USAGE = YES_ERROR;
				CLANG_WARN_EMPTY_BODY = YES;
				CLANG_WARN_ENUM_CONVERSION = YES;
				CLANG_WARN_INT_CONVERSION = YES;
				CLANG_WARN_OBJC_ROOT_CLASS = YES_ERROR;
				CLANG_WARN_UNREACHABLE_CODE = YES;
				CLANG_WARN__DUPLICATE_METHOD_MATCH = YES;
				"CODE_SIGN_IDENTITY[sdk=iphoneos*]" = "iPhone Developer";
				COPY_PHASE_STRIP = NO;
				DEBUG_INFORMATION_FORMAT = "dwarf-with-dsym";
				ENABLE_NS_ASSERTIONS = NO;
				ENABLE_STRICT_OBJC_MSGSEND = YES;
				GCC_C_LANGUAGE_STANDARD = gnu99;
				GCC_NO_COMMON_BLOCKS = YES;
				GCC_WARN_64_TO_32_BIT_CONVERSION = YES;
				GCC_WARN_ABOUT_RETURN_TYPE = YES_ERROR;
				GCC_WARN_UNDECLARED_SELECTOR = YES;
				GCC_WARN_UNINITIALIZED_AUTOS = YES_AGGRESSIVE;
				GCC_WARN_UNUSED_FUNCTION = YES;
				GCC_WARN_UNUSED_VARIABLE = YES;
				IPHONEOS_DEPLOYMENT_TARGET = 8.4;
				MTL_ENABLE_DEBUG_INFO = NO;
				SDKROOT = iphoneos;
				VALIDATE_PRODUCT = YES;
			};
			name = Release;
		};
		02452CE81B8148090045EB5D /* Debug */ = {
			isa = XCBuildConfiguration;
			buildSettings = {
				ASSETCATALOG_COMPILER_APPICON_NAME = AppIcon;
				INFOPLIST_FILE = "Pitch Perfect/Info.plist";
				LD_RUNPATH_SEARCH_PATHS = "$(inherited) @executable_path/Frameworks";
				PRODUCT_NAME = "$(TARGET_NAME)";
			};
			name = Debug;
		};
		02452CE91B8148090045EB5D /* Release */ = {
			isa = XCBuildConfiguration;
			buildSettings = {
				ASSETCATALOG_COMPILER_APPICON_NAME = AppIcon;
				INFOPLIST_FILE = "Pitch Perfect/Info.plist";
				LD_RUNPATH_SEARCH_PATHS = "$(inherited) @executable_path/Frameworks";
				PRODUCT_NAME = "$(TARGET_NAME)";
			};
			name = Release;
		};
		02452CEB1B8148090045EB5D /* Debug */ = {
			isa = XCBuildConfiguration;
			buildSettings = {
				BUNDLE_LOADER = "$(TEST_HOST)";
				FRAMEWORK_SEARCH_PATHS = (
					"$(SDKROOT)/Developer/Library/Frameworks",
					"$(inherited)",
				);
				GCC_PREPROCESSOR_DEFINITIONS = (
					"DEBUG=1",
					"$(inherited)",
				);
				INFOPLIST_FILE = "Pitch PerfectTests/Info.plist";
				LD_RUNPATH_SEARCH_PATHS = "$(inherited) @executable_path/Frameworks @loader_path/Frameworks";
				PRODUCT_NAME = "$(TARGET_NAME)";
				TEST_HOST = "$(BUILT_PRODUCTS_DIR)/Pitch Perfect.app/Pitch Perfect";
			};
			name = Debug;
		};
		02452CEC1B8148090045EB5D /* Release */ = {
			isa = XCBuildConfiguration;
			buildSettings = {
				BUNDLE_LOADER = "$(TEST_HOST)";
				FRAMEWORK_SEARCH_PATHS = (
					"$(SDKROOT)/Developer/Library/Frameworks",
					"$(inherited)",
				);
				INFOPLIST_FILE = "Pitch PerfectTests/Info.plist";
				LD_RUNPATH_SEARCH_PATHS = "$(inherited) @executable_path/Frameworks @loader_path/Frameworks";
				PRODUCT_NAME = "$(TARGET_NAME)";
				TEST_HOST = "$(BUILT_PRODUCTS_DIR)/Pitch Perfect.app/Pitch Perfect";
			};
			name = Release;
		};
/* End XCBuildConfiguration section */

/* Begin XCConfigurationList section */
		02452CC31B8148090045EB5D /* Build configuration list for PBXProject "Pitch Perfect" */ = {
			isa = XCConfigurationList;
			buildConfigurations = (
				02452CE51B8148090045EB5D /* Debug */,
				02452CE61B8148090045EB5D /* Release */,
			);
			defaultConfigurationIsVisible = 0;
			defaultConfigurationName = Release;
		};
		02452CE71B8148090045EB5D /* Build configuration list for PBXNativeTarget "Pitch Perfect" */ = {
			isa = XCConfigurationList;
			buildConfigurations = (
				02452CE81B8148090045EB5D /* Debug */,
				02452CE91B8148090045EB5D /* Release */,
			);
			defaultConfigurationIsVisible = 0;
		};
		02452CEA1B8148090045EB5D /* Build configuration list for PBXNativeTarget "Pitch PerfectTests" */ = {
			isa = XCConfigurationList;
			buildConfigurations = (
				02452CEB1B8148090045EB5D /* Debug */,
				02452CEC1B8148090045EB5D /* Release */,
			);
			defaultConfigurationIsVisible = 0;
		};
/* End XCConfigurationList section */
	};
	rootObject = 02452CC01B8148090045EB5D /* Project object */;
}
